
Microsoft Visual Studio Solution File, Format Version 12.00
# Visual Studio Version 16
VisualStudioVersion = 16.0.31729.503
MinimumVisualStudioVersion = 10.0.40219.1
Project("{9A19103F-16F7-4668-BE54-9A1E7A4F7556}") = "WireWizard", "WireWizard.csproj", "{F8A71F9A-D77C-4EED-B9EE-AF4DF80F5E5D}"
EndProject
Project("{9A19103F-16F7-4668-BE54-9A1E7A4F7556}") = "TestWireWizard", "..\TestWireWizard\TestWireWizard.csproj", "{627F0698-8316-4881-867E-C8E7610B2196}"
EndProject
Project("{9A19103F-16F7-4668-BE54-9A1E7A4F7556}") = "DiagramForm", "..\DiagramForm\DiagramForm.csproj", "{4A161376-D2E1-4AA5-80D0-FE88F2AFADAB}"
EndProject
Global
	GlobalSection(SolutionConfigurationPlatforms) = preSolution
		Debug|Any CPU = Debug|Any CPU
		Release|Any CPU = Release|Any CPU
	EndGlobalSection
	GlobalSection(ProjectConfigurationPlatforms) = postSolution
		{F8A71F9A-D77C-4EED-B9EE-AF4DF80F5E5D}.Debug|Any CPU.ActiveCfg = Debug|Any CPU
		{F8A71F9A-D77C-4EED-B9EE-AF4DF80F5E5D}.Debug|Any CPU.Build.0 = Debug|Any CPU
		{F8A71F9A-D77C-4EED-B9EE-AF4DF80F5E5D}.Release|Any CPU.ActiveCfg = Release|Any CPU
		{F8A71F9A-D77C-4EED-B9EE-AF4DF80F5E5D}.Release|Any CPU.Build.0 = Release|Any CPU
		{627F0698-8316-4881-867E-C8E7610B2196}.Debug|Any CPU.ActiveCfg = Debug|Any CPU
		{627F0698-8316-4881-867E-C8E7610B2196}.Debug|Any CPU.Build.0 = Debug|Any CPU
		{627F0698-8316-4881-867E-C8E7610B2196}.Release|Any CPU.ActiveCfg = Release|Any CPU
		{627F0698-8316-4881-867E-C8E7610B2196}.Release|Any CPU.Build.0 = Release|Any CPU
		{4A161376-D2E1-4AA5-80D0-FE88F2AFADAB}.Debug|Any CPU.ActiveCfg = Debug|Any CPU
		{4A161376-D2E1-4AA5-80D0-FE88F2AFADAB}.Debug|Any CPU.Build.0 = Debug|Any CPU
		{4A161376-D2E1-4AA5-80D0-FE88F2AFADAB}.Release|Any CPU.ActiveCfg = Release|Any CPU
		{4A161376-D2E1-4AA5-80D0-FE88F2AFADAB}.Release|Any CPU.Build.0 = Release|Any CPU
	EndGlobalSection
	GlobalSection(SolutionProperties) = preSolution
		HideSolutionNode = FALSE
	EndGlobalSection
	GlobalSection(ExtensibilityGlobals) = postSolution
		SolutionGuid = {5D5476E5-3584-4885-82A5-5BBB51F8843F}
	EndGlobalSection
EndGlobal
